
Microsoft Visual Studio Solution File, Format Version 12.00
# Visual Studio Version 17
VisualStudioVersion = 17.3.32922.545
MinimumVisualStudioVersion = 10.0.40219.1
Project("{FAE04EC0-301F-11D3-BF4B-00C04F79EFBC}") = "Agenda", "Agenda\Agenda.csproj", "{54DB88B3-0870-4A5A-BFCE-9880BE089A33}"
EndProject
Global
	GlobalSection(SolutionConfigurationPlatforms) = preSolution
		Debug|Any CPU = Debug|Any CPU
		Release|Any CPU = Release|Any CPU
	EndGlobalSection
	GlobalSection(ProjectConfigurationPlatforms) = postSolution
		{54DB88B3-0870-4A5A-BFCE-9880BE089A33}.Debug|Any CPU.ActiveCfg = Debug|Any CPU
		{54DB88B3-0870-4A5A-BFCE-9880BE089A33}.Debug|Any CPU.Build.0 = Debug|Any CPU
		{54DB88B3-0870-4A5A-BFCE-9880BE089A33}.Release|Any CPU.ActiveCfg = Release|Any CPU
		{54DB88B3-0870-4A5A-BFCE-9880BE089A33}.Release|Any CPU.Build.0 = Release|Any CPU
	EndGlobalSection
	GlobalSection(SolutionProperties) = preSolution
		HideSolutionNode = FALSE
	EndGlobalSection
	GlobalSection(ExtensibilityGlobals) = postSolution
		SolutionGuid = {2BE0E2F3-4C42-4561-9E88-C5A68D07FA7E}
	EndGlobalSection
EndGlobal
